[{<<"gen_web_server">>,
  {path,"gen_web_server",{mtime,<<"2024-07-01T06:58:37Z">>}},
  0},
 {<<"http_interface">>,
  {path,"http_interface",{mtime,<<"2024-07-01T07:04:28Z">>}},
  0},
 {<<"resource_discovery">>,
  {path,"resource_discovery",{mtime,<<"2024-06-25T10:23:40Z">>}},
  0},
 {<<"tcp_interface">>,
  {path,"tcp_interface",{mtime,<<"2024-06-26T12:05:02Z">>}},
  0}].
