{"1.2.0",
[{<<"cowboy">>,{pkg,<<"cowboy">>,<<"2.13.0">>},1},
 {<<"cowlib">>,{pkg,<<"cowlib">>,<<"2.15.0">>},2},
 {<<"eredis">>,
  {git,"https://github.com/wooga/eredis.git",
       {ref,"6845ed50e13f456ecd115bcf9de666a58a1529dc"}},
  0},
 {<<"erlydtl">>,{pkg,<<"erlydtl">>,<<"0.14.0">>},1},
 {<<"flatlog">>,{pkg,<<"flatlog">>,<<"0.1.2">>},0},
 {<<"jhn_stdlib">>,{pkg,<<"jhn_stdlib">>,<<"5.3.3">>},1},
 {<<"nova">>,{pkg,<<"nova">>,<<"0.11.0">>},0},
 {<<"ranch">>,{pkg,<<"ranch">>,<<"2.2.0">>},2},
 {<<"routing_tree">>,{pkg,<<"routing_tree">>,<<"1.0.9">>},1},
 {<<"thoas">>,{pkg,<<"thoas">>,<<"1.2.1">>},1}]}.
[
{pkg_hash,[
 {<<"cowboy">>, <<"09D770DD5F6A22CC60C071F432CD7CB87776164527F205C5A6B0F24FF6B38990">>},
 {<<"cowlib">>, <<"3C97A318A933962D1C12B96AB7C1D728267D2C523C25A5B57B0F93392B6E9E25">>},
 {<<"erlydtl">>, <<"964B2DC84F8C17ACFAA69C59BA129EF26AC45D2BA898C3C6AD9B5BDC8BA13CED">>},
 {<<"flatlog">>, <<"8C4B81A4931A1396254DBD975B841F4A6350D6F128FF94FFE86799A4451E32B1">>},
 {<<"jhn_stdlib">>, <<"3E50C560334A85EE5B6C645D2E1BCD35E7BE667E5FCB62AA364F00737C2ADC61">>},
 {<<"nova">>, <<"1293DEA0F0F7977E9C5DDF4830FA462B4D877683A09852C4B558F2EF74B049EA">>},
 {<<"ranch">>, <<"25528F82BC8D7C6152C57666CA99EC716510FE0925CB188172F41CE93117B1B0">>},
 {<<"routing_tree">>, <<"F7B95CF21CAEF1F184948C547780BAB4EC2B2CB0CD75B8CB2BE49F86F0DFD523">>},
 {<<"thoas">>, <<"19A25F31177A17E74004D4840F66D791D4298C5738790FA2CC73731EB911F195">>}]},
{pkg_hash_ext,[
 {<<"cowboy">>, <<"E724D3A70995025D654C1992C7B11DBFEA95205C047D86FF9BF1CDA92DDC5614">>},
 {<<"cowlib">>, <<"4F00C879A64B4FE7C8FCB42A4281925E9FFDB928820B03C3AD325A617E857532">>},
 {<<"erlydtl">>, <<"D80EC044CD8F58809C19D29AC5605BE09E955040911B644505E31E9DD8143431">>},
 {<<"flatlog">>, <<"FDD2A311A67F63F9D0BC194FAD6BEAF9CCCDE8FFFEE2919DF1C4D86098E49984">>},
 {<<"jhn_stdlib">>, <<"2CB184C505397B62A842AB3DE13F21B83ADF62364BD35A572191629E30E0258E">>},
 {<<"nova">>, <<"7EF28F9D47D9BA2A55F27F2B04CA702818ADAB0536EC53561E9FBC27C2E4490D">>},
 {<<"ranch">>, <<"FA0B99A1780C80218A4197A59EA8D3BDAE32FBFF7E88527D7D8A4787EFF4F8E7">>},
 {<<"routing_tree">>, <<"FB9A05EA0F3A8B77CC39CED3952B98391C617BA448AF63DDD5908F8557D8C029">>},
 {<<"thoas">>, <<"E38697EDFFD6E91BD12CEA41B155115282630075C2A727E7A6B2947F5408B86A">>}]}
].
